// !$*UTF8*$!
{
	archiveVersion = 1;
	classes = {
	};
	objectVersion = 50;
	objects = {

/* Begin PBXBuildFile section */
		A1D51C3426EA00BD00E234F2 /* AppDelegate.swift in Sources */ = {isa = PBXBuildFile; fileRef = A1D51C3326EA00BD00E234F2 /* AppDelegate.swift */; };
		A1D51C3626EA00BD00E234F2 /* SceneDelegate.swift in Sources */ = {isa = PBXBuildFile; fileRef = A1D51C3526EA00BD00E234F2 /* SceneDelegate.swift */; };
		A1D51C3826EA00BD00E234F2 /* WeatherViewController.swift in Sources */ = {isa = PBXBuildFile; fileRef = A1D51C3726EA00BD00E234F2 /* WeatherViewController.swift */; };
		A1D51C3B26EA00BD00E234F2 /* Main.storyboard in Resources */ = {isa = PBXBuildFile; fileRef = A1D51C3926EA00BD00E234F2 /* Main.storyboard */; };
		A1D51C3D26EA00BF00E234F2 /* Assets.xcassets in Resources */ = {isa = PBXBuildFile; fileRef = A1D51C3C26EA00BF00E234F2 /* Assets.xcassets */; };
		A1D51C4026EA00BF00E234F2 /* LaunchScreen.storyboard in Resources */ = {isa = PBXBuildFile; fileRef = A1D51C3E26EA00BF00E234F2 /* LaunchScreen.storyboard */; };
		A1D51C4B26EA00C000E234F2 /* ClimaTests.swift in Sources */ = {isa = PBXBuildFile; fileRef = A1D51C4A26EA00C000E234F2 /* ClimaTests.swift */; };
		A1D51C5626EA00C000E234F2 /* ClimaUITests.swift in Sources */ = {isa = PBXBuildFile; fileRef = A1D51C5526EA00C000E234F2 /* ClimaUITests.swift */; };
		A1E2B36626F5F87E007A7212 /* WeatherManger.swift in Sources */ = {isa = PBXBuildFile; fileRef = A1E2B36526F5F87E007A7212 /* WeatherManger.swift */; };
		A1E2B36826F6A599007A7212 /* WeatherDataAPI.swift in Sources */ = {isa = PBXBuildFile; fileRef = A1E2B36726F6A599007A7212 /* WeatherDataAPI.swift */; };
		A1E2B36D26F6B3F9007A7212 /* WeatherModel.swift in Sources */ = {isa = PBXBuildFile; fileRef = A1E2B36C26F6B3F9007A7212 /* WeatherModel.swift */; };
/* End PBXBuildFile section */

/* Begin PBXContainerItemProxy section */
		A1D51C4726EA00C000E234F2 /* PBXContainerItemProxy */ = {
			isa = PBXContainerItemProxy;
			containerPortal = A1D51C2826EA00BD00E234F2 /* Project object */;
			proxyType = 1;
			remoteGlobalIDString = A1D51C2F26EA00BD00E234F2;
			remoteInfo = Clima;
		};
		A1D51C5226EA00C000E234F2 /* PBXContainerItemProxy */ = {
			isa = PBXContainerItemProxy;
			containerPortal = A1D51C2826EA00BD00E234F2 /* Project object */;
			proxyType = 1;
			remoteGlobalIDString = A1D51C2F26EA00BD00E234F2;
			remoteInfo = Clima;
		};
/* End PBXContainerItemProxy section */

/* Begin PBXFileReference section */
		A1D51C3026EA00BD00E234F2 /* Clima.app */ = {isa = PBXFileReference; explicitFileType = wrapper.application; includeInIndex = 0; path = Clima.app; sourceTree = BUILT_PRODUCTS_DIR; };
		A1D51C3326EA00BD00E234F2 /* AppDelegate.swift */ = {isa = PBXFileReference; lastKnownFileType = sourcecode.swift; path = AppDelegate.swift; sourceTree = "<group>"; };
		A1D51C3526EA00BD00E234F2 /* SceneDelegate.swift */ = {isa = PBXFileReference; lastKnownFileType = sourcecode.swift; path = SceneDelegate.swift; sourceTree = "<group>"; };
		A1D51C3726EA00BD00E234F2 /* WeatherViewController.swift */ = {isa = PBXFileReference; lastKnownFileType = sourcecode.swift; path = WeatherViewController.swift; sourceTree = "<group>"; };
		A1D51C3A26EA00BD00E234F2 /* Base */ = {isa = PBXFileReference; lastKnownFileType = file.storyboard; name = Base; path = Base.lproj/Main.storyboard; sourceTree = "<group>"; };
		A1D51C3C26EA00BF00E234F2 /* Assets.xcassets */ = {isa = PBXFileReference; lastKnownFileType = folder.assetcatalog; path = Assets.xcassets; sourceTree = "<group>"; };
		A1D51C3F26EA00BF00E234F2 /* Base */ = {isa = PBXFileReference; lastKnownFileType = file.storyboard; name = Base; path = Base.lproj/LaunchScreen.storyboard; sourceTree = "<group>"; };
		A1D51C4126EA00BF00E234F2 /* Info.plist */ = {isa = PBXFileReference; lastKnownFileType = text.plist.xml; path = Info.plist; sourceTree = "<group>"; };
		A1D51C4626EA00C000E234F2 /* ClimaTests.xctest */ = {isa = PBXFileReference; explicitFileType = wrapper.cfbundle; includeInIndex = 0; path = ClimaTests.xctest; sourceTree = BUILT_PRODUCTS_DIR; };
		A1D51C4A26EA00C000E234F2 /* ClimaTests.swift */ = {isa = PBXFileReference; lastKnownFileType = sourcecode.swift; path = ClimaTests.swift; sourceTree = "<group>"; };
		A1D51C4C26EA00C000E234F2 /* Info.plist */ = {isa = PBXFileReference; lastKnownFileType = text.plist.xml; path = Info.plist; sourceTree = "<group>"; };
		A1D51C5126EA00C000E234F2 /* ClimaUITests.xctest */ = {isa = PBXFileReference; explicitFileType = wrapper.cfbundle; includeInIndex = 0; path = ClimaUITests.xctest; sourceTree = BUILT_PRODUCTS_DIR; };
		A1D51C5526EA00C000E234F2 /* ClimaUITests.swift */ = {isa = PBXFileReference; lastKnownFileType = sourcecode.swift; path = ClimaUITests.swift; sourceTree = "<group>"; };
		A1D51C5726EA00C000E234F2 /* Info.plist */ = {isa = PBXFileReference; lastKnownFileType = text.plist.xml; path = Info.plist; sourceTree = "<group>"; };
		A1E2B36526F5F87E007A7212 /* WeatherManger.swift */ = {isa = PBXFileReference; lastKnownFileType = sourcecode.swift; path = WeatherManger.swift; sourceTree = "<group>"; };
		A1E2B36726F6A599007A7212 /* WeatherDataAPI.swift */ = {isa = PBXFileReference; lastKnownFileType = sourcecode.swift; path = WeatherDataAPI.swift; sourceTree = "<group>"; };
		A1E2B36C26F6B3F9007A7212 /* WeatherModel.swift */ = {isa = PBXFileReference; lastKnownFileType = sourcecode.swift; path = WeatherModel.swift; sourceTree = "<group>"; };
/* End PBXFileReference section */

/* Begin PBXFrameworksBuildPhase section */
		A1D51C2D26EA00BD00E234F2 /* Frameworks */ = {
			isa = PBXFrameworksBuildPhase;
			buildActionMask = 2147483647;
			files = (
			);
			runOnlyForDeploymentPostprocessing = 0;
		};
		A1D51C4326EA00C000E234F2 /* Frameworks */ = {
			isa = PBXFrameworksBuildPhase;
			buildActionMask = 2147483647;
			files = (
			);
			runOnlyForDeploymentPostprocessing = 0;
		};
		A1D51C4E26EA00C000E234F2 /* Frameworks */ = {
			isa = PBXFrameworksBuildPhase;
			buildActionMask = 2147483647;
			files = (
			);
			runOnlyForDeploymentPostprocessing = 0;
		};
/* End PBXFrameworksBuildPhase section */

/* Begin PBXGroup section */
		A1D51C2726EA00BD00E234F2 = {
			isa = PBXGroup;
			children = (
				A1D51C3226EA00BD00E234F2 /* Clima */,
				A1D51C4926EA00C000E234F2 /* ClimaTests */,
				A1D51C5426EA00C000E234F2 /* ClimaUITests */,
				A1D51C3126EA00BD00E234F2 /* Products */,
			);
			sourceTree = "<group>";
		};
		A1D51C3126EA00BD00E234F2 /* Products */ = {
			isa = PBXGroup;
			children = (
				A1D51C3026EA00BD00E234F2 /* Clima.app */,
				A1D51C4626EA00C000E234F2 /* ClimaTests.xctest */,
				A1D51C5126EA00C000E234F2 /* ClimaUITests.xctest */,
			);
			name = Products;
			sourceTree = "<group>";
		};
		A1D51C3226EA00BD00E234F2 /* Clima */ = {
			isa = PBXGroup;
			children = (
				A1D51C6526EA00EF00E234F2 /* Model */,
				A1D51C6426EA00E700E234F2 /* View */,
				A1D51C6326EA00E400E234F2 /* Controller */,
				A1D51C3326EA00BD00E234F2 /* AppDelegate.swift */,
				A1D51C3526EA00BD00E234F2 /* SceneDelegate.swift */,
				A1D51C3C26EA00BF00E234F2 /* Assets.xcassets */,
				A1D51C3E26EA00BF00E234F2 /* LaunchScreen.storyboard */,
				A1D51C4126EA00BF00E234F2 /* Info.plist */,
			);
			path = Clima;
			sourceTree = "<group>";
		};
		A1D51C4926EA00C000E234F2 /* ClimaTests */ = {
			isa = PBXGroup;
			children = (
				A1D51C4A26EA00C000E234F2 /* ClimaTests.swift */,
				A1D51C4C26EA00C000E234F2 /* Info.plist */,
			);
			path = ClimaTests;
			sourceTree = "<group>";
		};
		A1D51C5426EA00C000E234F2 /* ClimaUITests */ = {
			isa = PBXGroup;
			children = (
				A1D51C5526EA00C000E234F2 /* ClimaUITests.swift */,
				A1D51C5726EA00C000E234F2 /* Info.plist */,
			);
			path = ClimaUITests;
			sourceTree = "<group>";
		};
		A1D51C6326EA00E400E234F2 /* Controller */ = {
			isa = PBXGroup;
			children = (
				A1D51C3726EA00BD00E234F2 /* WeatherViewController.swift */,
			);
			path = Controller;
			sourceTree = "<group>";
		};
		A1D51C6426EA00E700E234F2 /* View */ = {
			isa = PBXGroup;
			children = (
				A1D51C3926EA00BD00E234F2 /* Main.storyboard */,
			);
			path = View;
			sourceTree = "<group>";
		};
		A1D51C6526EA00EF00E234F2 /* Model */ = {
			isa = PBXGroup;
			children = (
				A1E2B36526F5F87E007A7212 /* WeatherManger.swift */,
				A1E2B36C26F6B3F9007A7212 /* WeatherModel.swift */,
				A1E2B36B26F6AE82007A7212 /* Pojo */,
			);
			path = Model;
			sourceTree = "<group>";
		};
		A1E2B36B26F6AE82007A7212 /* Pojo */ = {
			isa = PBXGroup;
			children = (
				A1E2B36726F6A599007A7212 /* WeatherDataAPI.swift */,
			);
			path = Pojo;
			sourceTree = "<group>";
		};
/* End PBXGroup section */

/* Begin PBXNativeTarget section */
		A1D51C2F26EA00BD00E234F2 /* Clima */ = {
			isa = PBXNativeTarget;
			buildConfigurationList = A1D51C5A26EA00C000E234F2 /* Build configuration list for PBXNativeTarget "Clima" */;
			buildPhases = (
				A1D51C2C26EA00BD00E234F2 /* Sources */,
				A1D51C2D26EA00BD00E234F2 /* Frameworks */,
				A1D51C2E26EA00BD00E234F2 /* Resources */,
			);
			buildRules = (
			);
			dependencies = (
			);
			name = Clima;
			productName = Clima;
			productReference = A1D51C3026EA00BD00E234F2 /* Clima.app */;
			productType = "com.apple.product-type.application";
		};
		A1D51C4526EA00C000E234F2 /* ClimaTests */ = {
			isa = PBXNativeTarget;
			buildConfigurationList = A1D51C5D26EA00C000E234F2 /* Build configuration list for PBXNativeTarget "ClimaTests" */;
			buildPhases = (
				A1D51C4226EA00C000E234F2 /* Sources */,
				A1D51C4326EA00C000E234F2 /* Frameworks */,
				A1D51C4426EA00C000E234F2 /* Resources */,
			);
			buildRules = (
			);
			dependencies = (
				A1D51C4826EA00C000E234F2 /* PBXTargetDependency */,
			);
			name = ClimaTests;
			productName = ClimaTests;
			productReference = A1D51C4626EA00C000E234F2 /* ClimaTests.xctest */;
			productType = "com.apple.product-type.bundle.unit-test";
		};
		A1D51C5026EA00C000E234F2 /* ClimaUITests */ = {
			isa = PBXNativeTarget;
			buildConfigurationList = A1D51C6026EA00C000E234F2 /* Build configuration list for PBXNativeTarget "ClimaUITests" */;
			buildPhases = (
				A1D51C4D26EA00C000E234F2 /* Sources */,
				A1D51C4E26EA00C000E234F2 /* Frameworks */,
				A1D51C4F26EA00C000E234F2 /* Resources */,
			);
			buildRules = (
			);
			dependencies = (
				A1D51C5326EA00C000E234F2 /* PBXTargetDependency */,
			);
			name = ClimaUITests;
			productName = ClimaUITests;
			productReference = A1D51C5126EA00C000E234F2 /* ClimaUITests.xctest */;
			productType = "com.apple.product-type.bundle.ui-testing";
		};
/* End PBXNativeTarget section */

/* Begin PBXProject section */
		A1D51C2826EA00BD00E234F2 /* Project object */ = {
			isa = PBXProject;
			attributes = {
				LastSwiftUpdateCheck = 1250;
				LastUpgradeCheck = 1250;
				TargetAttributes = {
					A1D51C2F26EA00BD00E234F2 = {
						CreatedOnToolsVersion = 12.5.1;
					};
					A1D51C4526EA00C000E234F2 = {
						CreatedOnToolsVersion = 12.5.1;
						TestTargetID = A1D51C2F26EA00BD00E234F2;
					};
					A1D51C5026EA00C000E234F2 = {
						CreatedOnToolsVersion = 12.5.1;
						TestTargetID = A1D51C2F26EA00BD00E234F2;
					};
				};
			};
			buildConfigurationList = A1D51C2B26EA00BD00E234F2 /* Build configuration list for PBXProject "Clima" */;
			compatibilityVersion = "Xcode 9.3";
			developmentRegion = en;
			hasScannedForEncodings = 0;
			knownRegions = (
				en,
				Base,
			);
			mainGroup = A1D51C2726EA00BD00E234F2;
			productRefGroup = A1D51C3126EA00BD00E234F2 /* Products */;
			projectDirPath = "";
			projectRoot = "";
			targets = (
				A1D51C2F26EA00BD00E234F2 /* Clima */,
				A1D51C4526EA00C000E234F2 /* ClimaTests */,
				A1D51C5026EA00C000E234F2 /* ClimaUITests */,
			);
		};
/* End PBXProject section */

/* Begin PBXResourcesBuildPhase section */
		A1D51C2E26EA00BD00E234F2 /* Resources */ = {
			isa = PBXResourcesBuildPhase;
			buildActionMask = 2147483647;
			files = (
				A1D51C4026EA00BF00E234F2 /* LaunchScreen.storyboard in Resources */,
				A1D51C3D26EA00BF00E234F2 /* Assets.xcassets in Resources */,
				A1D51C3B26EA00BD00E234F2 /* Main.storyboard in Resources */,
			);
			runOnlyForDeploymentPostprocessing = 0;
		};
		A1D51C4426EA00C000E234F2 /* Resources */ = {
			isa = PBXResourcesBuildPhase;
			buildActionMask = 2147483647;
			files = (
			);
			runOnlyForDeploymentPostprocessing = 0;
		};
		A1D51C4F26EA00C000E234F2 /* Resources */ = {
			isa = PBXResourcesBuildPhase;
			buildActionMask = 2147483647;
			files = (
			);
			runOnlyForDeploymentPostprocessing = 0;
		};
/* End PBXResourcesBuildPhase section */

/* Begin PBXSourcesBuildPhase section */
		A1D51C2C26EA00BD00E234F2 /* Sources */ = {
			isa = PBXSourcesBuildPhase;
			buildActionMask = 2147483647;
			files = (
				A1E2B36626F5F87E007A7212 /* WeatherManger.swift in Sources */,
				A1E2B36826F6A599007A7212 /* WeatherDataAPI.swift in Sources */,
				A1D51C3826EA00BD00E234F2 /* WeatherViewController.swift in Sources */,
				A1D51C3426EA00BD00E234F2 /* AppDelegate.swift in Sources */,
				A1E2B36D26F6B3F9007A7212 /* WeatherModel.swift in Sources */,
				A1D51C3626EA00BD00E234F2 /* SceneDelegate.swift in Sources */,
			);
			runOnlyForDeploymentPostprocessing = 0;
		};
		A1D51C4226EA00C000E234F2 /* Sources */ = {
			isa = PBXSourcesBuildPhase;
			buildActionMask = 2147483647;
			files = (
				A1D51C4B26EA00C000E234F2 /* ClimaTests.swift in Sources */,
			);
			runOnlyForDeploymentPostprocessing = 0;
		};
		A1D51C4D26EA00C000E234F2 /* Sources */ = {
			isa = PBXSourcesBuildPhase;
			buildActionMask = 2147483647;
			files = (
				A1D51C5626EA00C000E234F2 /* ClimaUITests.swift in Sources */,
			);
			runOnlyForDeploymentPostprocessing = 0;
		};
/* End PBXSourcesBuildPhase section */

/* Begin PBXTargetDependency section */
		A1D51C4826EA00C000E234F2 /* PBXTargetDependency */ = {
			isa = PBXTargetDependency;
			target = A1D51C2F26EA00BD00E234F2 /* Clima */;
			targetProxy = A1D51C4726EA00C000E234F2 /* PBXContainerItemProxy */;
		};
		A1D51C5326EA00C000E234F2 /* PBXTargetDependency */ = {
			isa = PBXTargetDependency;
			target = A1D51C2F26EA00BD00E234F2 /* Clima */;
			targetProxy = A1D51C5226EA00C000E234F2 /* PBXContainerItemProxy */;
		};
/* End PBXTargetDependency section */

/* Begin PBXVariantGroup section */
		A1D51C3926EA00BD00E234F2 /* Main.storyboard */ = {
			isa = PBXVariantGroup;
			children = (
				A1D51C3A26EA00BD00E234F2 /* Base */,
			);
			name = Main.storyboard;
			sourceTree = "<group>";
		};
		A1D51C3E26EA00BF00E234F2 /* LaunchScreen.storyboard */ = {
			isa = PBXVariantGroup;
			children = (
				A1D51C3F26EA00BF00E234F2 /* Base */,
			);
			name = LaunchScreen.storyboard;
			sourceTree = "<group>";
		};
/* End PBXVariantGroup section */

/* Begin XCBuildConfiguration section */
		A1D51C5826EA00C000E234F2 /* Debug */ = {
			isa = XCBuildConfiguration;
			buildSettings = {
				ALWAYS_SEARCH_USER_PATHS = NO;
				CLANG_ANALYZER_NONNULL = YES;
				CLANG_ANALYZER_NUMBER_OBJECT_CONVERSION = YES_AGGRESSIVE;
				CLANG_CXX_LANGUAGE_STANDARD = "gnu++14";
				CLANG_CXX_LIBRARY = "libc++";
				CLANG_ENABLE_MODULES = YES;
				CLANG_ENABLE_OBJC_ARC = YES;
				CLANG_ENABLE_OBJC_WEAK = YES;
				CLANG_WARN_BLOCK_CAPTURE_AUTORELEASING = YES;
				CLANG_WARN_BOOL_CONVERSION = YES;
				CLANG_WARN_COMMA = YES;
				CLANG_WARN_CONSTANT_CONVERSION = YES;
				CLANG_WARN_DEPRECATED_OBJC_IMPLEMENTATIONS = YES;
				CLANG_WARN_DIRECT_OBJC_ISA_USAGE = YES_ERROR;
				CLANG_WARN_DOCUMENTATION_COMMENTS = YES;
				CLANG_WARN_EMPTY_BODY = YES;
				CLANG_WARN_ENUM_CONVERSION = YES;
				CLANG_WARN_INFINITE_RECURSION = YES;
				CLANG_WARN_INT_CONVERSION = YES;
				CLANG_WARN_NON_LITERAL_NULL_CONVERSION = YES;
				CLANG_WARN_OBJC_IMPLICIT_RETAIN_SELF = YES;
				CLANG_WARN_OBJC_LITERAL_CONVERSION = YES;
				CLANG_WARN_OBJC_ROOT_CLASS = YES_ERROR;
				CLANG_WARN_QUOTED_INCLUDE_IN_FRAMEWORK_HEADER = YES;
				CLANG_WARN_RANGE_LOOP_ANALYSIS = YES;
				CLANG_WARN_STRICT_PROTOTYPES = YES;
				CLANG_WARN_SUSPICIOUS_MOVE = YES;
				CLANG_WARN_UNGUARDED_AVAILABILITY = YES_AGGRESSIVE;
				CLANG_WARN_UNREACHABLE_CODE = YES;
				CLANG_WARN__DUPLICATE_METHOD_MATCH = YES;
				COPY_PHASE_STRIP = NO;
				DEBUG_INFORMATION_FORMAT = dwarf;
				ENABLE_STRICT_OBJC_MSGSEND = YES;
				ENABLE_TESTABILITY = YES;
				GCC_C_LANGUAGE_STANDARD = gnu11;
				GCC_DYNAMIC_NO_PIC = NO;
				GCC_NO_COMMON_BLOCKS = YES;
				GCC_OPTIMIZATION_LEVEL = 0;
				GCC_PREPROCESSOR_DEFINITIONS = (
					"DEBUG=1",
					"$(inherited)",
				);
				GCC_WARN_64_TO_32_BIT_CONVERSION = YES;
				GCC_WARN_ABOUT_RETURN_TYPE = YES_ERROR;
				GCC_WARN_UNDECLARED_SELECTOR = YES;
				GCC_WARN_UNINITIALIZED_AUTOS = YES_AGGRESSIVE;
				GCC_WARN_UNUSED_FUNCTION = YES;
				GCC_WARN_UNUSED_VARIABLE = YES;
				IPHONEOS_DEPLOYMENT_TARGET = 14.5;
				MTL_ENABLE_DEBUG_INFO = INCLUDE_SOURCE;
				MTL_FAST_MATH = YES;
				ONLY_ACTIVE_ARCH = YES;
				SDKROOT = iphoneos;
				SWIFT_ACTIVE_COMPILATION_CONDITIONS = DEBUG;
				SWIFT_OPTIMIZATION_LEVEL = "-Onone";
			};
			name = Debug;
		};
		A1D51C5926EA00C000E234F2 /* Release */ = {
			isa = XCBuildConfiguration;
			buildSettings = {
				ALWAYS_SEARCH_USER_PATHS = NO;
				CLANG_ANALYZER_NONNULL = YES;
				CLANG_ANALYZER_NUMBER_OBJECT_CONVERSION = YES_AGGRESSIVE;
				CLANG_CXX_LANGUAGE_STANDARD = "gnu++14";
				CLANG_CXX_LIBRARY = "libc++";
				CLANG_ENABLE_MODULES = YES;
				CLANG_ENABLE_OBJC_ARC = YES;
				CLANG_ENABLE_OBJC_WEAK = YES;
				CLANG_WARN_BLOCK_CAPTURE_AUTORELEASING = YES;
				CLANG_WARN_BOOL_CONVERSION = YES;
				CLANG_WARN_COMMA = YES;
				CLANG_WARN_CONSTANT_CONVERSION = YES;
				CLANG_WARN_DEPRECATED_OBJC_IMPLEMENTATIONS = YES;
				CLANG_WARN_DIRECT_OBJC_ISA_USAGE = YES_ERROR;
				CLANG_WARN_DOCUMENTATION_COMMENTS = YES;
				CLANG_WARN_EMPTY_BODY = YES;
				CLANG_WARN_ENUM_CONVERSION = YES;
				CLANG_WARN_INFINITE_RECURSION = YES;
				CLANG_WARN_INT_CONVERSION = YES;
				CLANG_WARN_NON_LITERAL_NULL_CONVERSION = YES;
				CLANG_WARN_OBJC_IMPLICIT_RETAIN_SELF = YES;
				CLANG_WARN_OBJC_LITERAL_CONVERSION = YES;
				CLANG_WARN_OBJC_ROOT_CLASS = YES_ERROR;
				CLANG_WARN_QUOTED_INCLUDE_IN_FRAMEWORK_HEADER = YES;
				CLANG_WARN_RANGE_LOOP_ANALYSIS = YES;
				CLANG_WARN_STRICT_PROTOTYPES = YES;
				CLANG_WARN_SUSPICIOUS_MOVE = YES;
				CLANG_WARN_UNGUARDED_AVAILABILITY = YES_AGGRESSIVE;
				CLANG_WARN_UNREACHABLE_CODE = YES;
				CLANG_WARN__DUPLICATE_METHOD_MATCH = YES;
				COPY_PHASE_STRIP = NO;
				DEBUG_INFORMATION_FORMAT = "dwarf-with-dsym";
				ENABLE_NS_ASSERTIONS = NO;
				ENABLE_STRICT_OBJC_MSGSEND = YES;
				GCC_C_LANGUAGE_STANDARD = gnu11;
				GCC_NO_COMMON_BLOCKS = YES;
				GCC_WARN_64_TO_32_BIT_CONVERSION = YES;
				GCC_WARN_ABOUT_RETURN_TYPE = YES_ERROR;
				GCC_WARN_UNDECLARED_SELECTOR = YES;
				GCC_WARN_UNINITIALIZED_AUTOS = YES_AGGRESSIVE;
				GCC_WARN_UNUSED_FUNCTION = YES;
				GCC_WARN_UNUSED_VARIABLE = YES;
				IPHONEOS_DEPLOYMENT_TARGET = 14.5;
				MTL_ENABLE_DEBUG_INFO = NO;
				MTL_FAST_MATH = YES;
				SDKROOT = iphoneos;
				SWIFT_COMPILATION_MODE = wholemodule;
				SWIFT_OPTIMIZATION_LEVEL = "-O";
				VALIDATE_PRODUCT = YES;
			};
			name = Release;
		};
		A1D51C5B26EA00C000E234F2 /* Debug */ = {
			isa = XCBuildConfiguration;
			buildSettings = {
				ASSETCATALOG_COMPILER_APPICON_NAME = AppIcon;
				ASSETCATALOG_COMPILER_GLOBAL_ACCENT_COLOR_NAME = AccentColor;
				CODE_SIGN_STYLE = Automatic;
				DEVELOPMENT_TEAM = KSQAVXV66T;
				INFOPLIST_FILE = Clima/Info.plist;
				LD_RUNPATH_SEARCH_PATHS = (
					"$(inherited)",
					"@executable_path/Frameworks",
				);
				PRODUCT_BUNDLE_IDENTIFIER = com.youssefEldeeb.Clima;
				PRODUCT_NAME = "$(TARGET_NAME)";
				SWIFT_VERSION = 5.0;
				TARGETED_DEVICE_FAMILY = "1,2";
			};
			name = Debug;
		};
		A1D51C5C26EA00C000E234F2 /* Release */ = {
			isa = XCBuildConfiguration;
			buildSettings = {
				ASSETCATALOG_COMPILER_APPICON_NAME = AppIcon;
				ASSETCATALOG_COMPILER_GLOBAL_ACCENT_COLOR_NAME = AccentColor;
				CODE_SIGN_STYLE = Automatic;
				DEVELOPMENT_TEAM = KSQAVXV66T;
				INFOPLIST_FILE = Clima/Info.plist;
				LD_RUNPATH_SEARCH_PATHS = (
					"$(inherited)",
					"@executable_path/Frameworks",
				);
				PRODUCT_BUNDLE_IDENTIFIER = com.youssefEldeeb.Clima;
				PRODUCT_NAME = "$(TARGET_NAME)";
				SWIFT_VERSION = 5.0;
				TARGETED_DEVICE_FAMILY = "1,2";
			};
			name = Release;
		};
		A1D51C5E26EA00C000E234F2 /* Debug */ = {
			isa = XCBuildConfiguration;
			buildSettings = {
				ALWAYS_EMBED_SWIFT_STANDARD_LIBRARIES = YES;
				BUNDLE_LOADER = "$(TEST_HOST)";
				CODE_SIGN_STYLE = Automatic;
				DEVELOPMENT_TEAM = KSQAVXV66T;
				INFOPLIST_FILE = ClimaTests/Info.plist;
				IPHONEOS_DEPLOYMENT_TARGET = 14.5;
				LD_RUNPATH_SEARCH_PATHS = (
					"$(inherited)",
					"@executable_path/Frameworks",
					"@loader_path/Frameworks",
				);
				PRODUCT_BUNDLE_IDENTIFIER = com.youssefEldeeb.ClimaTests;
				PRODUCT_NAME = "$(TARGET_NAME)";
				SWIFT_VERSION = 5.0;
				TARGETED_DEVICE_FAMILY = "1,2";
				TEST_HOST = "$(BUILT_PRODUCTS_DIR)/Clima.app/Clima";
			};
			name = Debug;
		};
		A1D51C5F26EA00C000E234F2 /* Release */ = {
			isa = XCBuildConfiguration;
			buildSettings = {
				ALWAYS_EMBED_SWIFT_STANDARD_LIBRARIES = YES;
				BUNDLE_LOADER = "$(TEST_HOST)";
				CODE_SIGN_STYLE = Automatic;
				DEVELOPMENT_TEAM = KSQAVXV66T;
				INFOPLIST_FILE = ClimaTests/Info.plist;
				IPHONEOS_DEPLOYMENT_TARGET = 14.5;
				LD_RUNPATH_SEARCH_PATHS = (
					"$(inherited)",
					"@executable_path/Frameworks",
					"@loader_path/Frameworks",
				);
				PRODUCT_BUNDLE_IDENTIFIER = com.youssefEldeeb.ClimaTests;
				PRODUCT_NAME = "$(TARGET_NAME)";
				SWIFT_VERSION = 5.0;
				TARGETED_DEVICE_FAMILY = "1,2";
				TEST_HOST = "$(BUILT_PRODUCTS_DIR)/Clima.app/Clima";
			};
			name = Release;
		};
		A1D51C6126EA00C000E234F2 /* Debug */ = {
			isa = XCBuildConfiguration;
			buildSettings = {
				ALWAYS_EMBED_SWIFT_STANDARD_LIBRARIES = YES;
				CODE_SIGN_STYLE = Automatic;
				DEVELOPMENT_TEAM = KSQAVXV66T;
				INFOPLIST_FILE = ClimaUITests/Info.plist;
				LD_RUNPATH_SEARCH_PATHS = (
					"$(inherited)",
					"@executable_path/Frameworks",
					"@loader_path/Frameworks",
				);
				PRODUCT_BUNDLE_IDENTIFIER = com.youssefEldeeb.ClimaUITests;
				PRODUCT_NAME = "$(TARGET_NAME)";
				SWIFT_VERSION = 5.0;
				TARGETED_DEVICE_FAMILY = "1,2";
				TEST_TARGET_NAME = Clima;
			};
			name = Debug;
		};
		A1D51C6226EA00C000E234F2 /* Release */ = {
			isa = XCBuildConfiguration;
			buildSettings = {
				ALWAYS_EMBED_SWIFT_STANDARD_LIBRARIES = YES;
				CODE_SIGN_STYLE = Automatic;
				DEVELOPMENT_TEAM = KSQAVXV66T;
				INFOPLIST_FILE = ClimaUITests/Info.plist;
				LD_RUNPATH_SEARCH_PATHS = (
					"$(inherited)",
					"@executable_path/Frameworks",
					"@loader_path/Frameworks",
				);
				PRODUCT_BUNDLE_IDENTIFIER = com.youssefEldeeb.ClimaUITests;
				PRODUCT_NAME = "$(TARGET_NAME)";
				SWIFT_VERSION = 5.0;
				TARGETED_DEVICE_FAMILY = "1,2";
				TEST_TARGET_NAME = Clima;
			};
			name = Release;
		};
/* End XCBuildConfiguration section */

/* Begin XCConfigurationList section */
		A1D51C2B26EA00BD00E234F2 /* Build configuration list for PBXProject "Clima" */ = {
			isa = XCConfigurationList;
			buildConfigurations = (
				A1D51C5826EA00C000E234F2 /* Debug */,
				A1D51C5926EA00C000E234F2 /* Release */,
			);
			defaultConfigurationIsVisible = 0;
			defaultConfigurationName = Release;
		};
		A1D51C5A26EA00C000E234F2 /* Build configuration list for PBXNativeTarget "Clima" */ = {
			isa = XCConfigurationList;
			buildConfigurations = (
				A1D51C5B26EA00C000E234F2 /* Debug */,
				A1D51C5C26EA00C000E234F2 /* Release */,
			);
			defaultConfigurationIsVisible = 0;
			defaultConfigurationName = Release;
		};
		A1D51C5D26EA00C000E234F2 /* Build configuration list for PBXNativeTarget "ClimaTests" */ = {
			isa = XCConfigurationList;
			buildConfigurations = (
				A1D51C5E26EA00C000E234F2 /* Debug */,
				A1D51C5F26EA00C000E234F2 /* Release */,
			);
			defaultConfigurationIsVisible = 0;
			defaultConfigurationName = Release;
		};
		A1D51C6026EA00C000E234F2 /* Build configuration list for PBXNativeTarget "ClimaUITests" */ = {
			isa = XCConfigurationList;
			buildConfigurations = (
				A1D51C6126EA00C000E234F2 /* Debug */,
				A1D51C6226EA00C000E234F2 /* Release */,
			);
			defaultConfigurationIsVisible = 0;
			defaultConfigurationName = Release;
		};
/* End XCConfigurationList section */
	};
	rootObject = A1D51C2826EA00BD00E234F2 /* Project object */;
}
